
Microsoft Visual Studio Solution File, Format Version 12.00
# Visual Studio Version 17
VisualStudioVersion = 17.1.32421.90
MinimumVisualStudioVersion = 10.0.40219.1
Project("{8BC9CEB8-8B4A-11D0-8D11-00A0C91BC942}") = "com0com.driver", "driver\com0com.driver\com0com.driver.vcxproj", "{14FBCE54-769F-4883-84B0-947FD6244381}"
EndProject
Project("{8BC9CEB8-8B4A-11D0-8D11-00A0C91BC942}") = "com0com.configurator.gui", "configurator\com0com.configurator.gui\com0com.configurator.gui.vcxproj", "{6ACC2F57-86A2-41D4-8744-5982985E99DA}"
EndProject
Project("{8BC9CEB8-8B4A-11D0-8D11-00A0C91BC942}") = "com0com.configurator.cli", "configurator\com0com.configurator.cli\com0com.configurator.cli.vcxproj", "{D8CD04B0-7F14-47E4-8FC5-86502655A5C1}"
EndProject
Project("{8BC9CEB8-8B4A-11D0-8D11-00A0C91BC942}") = "com0com.configurator.base", "configurator\com0com.configurator.base\com0com.configurator.base.vcxproj", "{F366640F-5667-445E-84B4-87B1BC29EE37}"
EndProject
Project("{8BC9CEB8-8B4A-11D0-8D11-00A0C91BC942}") = "com0com.installer", "driver\com0com.driver.installer\com0com.driver.installer.vcxproj", "{EBD91120-60E5-4015-92AD-637F2B7735A1}"
	ProjectSection(ProjectDependencies) = postProject
		{2CC5FF43-51D2-434E-B95D-094493ADA9CE} = {2CC5FF43-51D2-434E-B95D-094493ADA9CE}
	EndProjectSection
EndProject
Project("{2150E333-8FDC-42A3-9474-1A3956D46DE8}") = "configurator", "configurator", "{42916E8D-1982-4415-817F-CB2570EE1EE2}"
EndProject
Project("{2150E333-8FDC-42A3-9474-1A3956D46DE8}") = "driver", "driver", "{5B82E9DA-AF3D-4482-8EBF-177D823CA91A}"
EndProject
Project("{8BC9CEB8-8B4A-11D0-8D11-00A0C91BC942}") = "com0com.driver.package", "driver\com0com.driver.package\com0com.driver.package.vcxproj", "{2CC5FF43-51D2-434E-B95D-094493ADA9CE}"
EndProject
Project("{2150E333-8FDC-42A3-9474-1A3956D46DE8}") = "Solution Items", "Solution Items", "{41EBC8A4-8884-473B-BB66-041A41FDC7A6}"
	ProjectSection(SolutionItems) = preProject
		readme = readme
	EndProjectSection
EndProject
Global
	GlobalSection(SolutionConfigurationPlatforms) = preSolution
		Debug|ARM64 = Debug|ARM64
		Debug|x64 = Debug|x64
		Debug|x86 = Debug|x86
		Release|ARM64 = Release|ARM64
		Release|x64 = Release|x64
		Release|x86 = Release|x86
	EndGlobalSection
	GlobalSection(ProjectConfigurationPlatforms) = postSolution
		{14FBCE54-769F-4883-84B0-947FD6244381}.Debug|ARM64.ActiveCfg = Debug|ARM64
		{14FBCE54-769F-4883-84B0-947FD6244381}.Debug|ARM64.Build.0 = Debug|ARM64
		{14FBCE54-769F-4883-84B0-947FD6244381}.Debug|ARM64.Deploy.0 = Debug|ARM64
		{14FBCE54-769F-4883-84B0-947FD6244381}.Debug|x64.ActiveCfg = Debug|x64
		{14FBCE54-769F-4883-84B0-947FD6244381}.Debug|x64.Build.0 = Debug|x64
		{14FBCE54-769F-4883-84B0-947FD6244381}.Debug|x86.ActiveCfg = Debug|x64
		{14FBCE54-769F-4883-84B0-947FD6244381}.Debug|x86.Build.0 = Debug|x64
		{14FBCE54-769F-4883-84B0-947FD6244381}.Debug|x86.Deploy.0 = Debug|x64
		{14FBCE54-769F-4883-84B0-947FD6244381}.Release|ARM64.ActiveCfg = Release|ARM64
		{14FBCE54-769F-4883-84B0-947FD6244381}.Release|ARM64.Build.0 = Release|ARM64
		{14FBCE54-769F-4883-84B0-947FD6244381}.Release|ARM64.Deploy.0 = Release|ARM64
		{14FBCE54-769F-4883-84B0-947FD6244381}.Release|x64.ActiveCfg = Release|x64
		{14FBCE54-769F-4883-84B0-947FD6244381}.Release|x64.Build.0 = Release|x64
		{14FBCE54-769F-4883-84B0-947FD6244381}.Release|x86.ActiveCfg = Release|x64
		{14FBCE54-769F-4883-84B0-947FD6244381}.Release|x86.Build.0 = Release|x64
		{14FBCE54-769F-4883-84B0-947FD6244381}.Release|x86.Deploy.0 = Release|x64
		{6ACC2F57-86A2-41D4-8744-5982985E99DA}.Debug|ARM64.ActiveCfg = Debug|Win32
		{6ACC2F57-86A2-41D4-8744-5982985E99DA}.Debug|ARM64.Build.0 = Debug|Win32
		{6ACC2F57-86A2-41D4-8744-5982985E99DA}.Debug|x64.ActiveCfg = Debug|x64
		{6ACC2F57-86A2-41D4-8744-5982985E99DA}.Debug|x64.Build.0 = Debug|x64
		{6ACC2F57-86A2-41D4-8744-5982985E99DA}.Debug|x86.ActiveCfg = Debug|Win32
		{6ACC2F57-86A2-41D4-8744-5982985E99DA}.Debug|x86.Build.0 = Debug|Win32
		{6ACC2F57-86A2-41D4-8744-5982985E99DA}.Release|ARM64.ActiveCfg = Release|Win32
		{6ACC2F57-86A2-41D4-8744-5982985E99DA}.Release|ARM64.Build.0 = Release|Win32
		{6ACC2F57-86A2-41D4-8744-5982985E99DA}.Release|x64.ActiveCfg = Release|x64
		{6ACC2F57-86A2-41D4-8744-5982985E99DA}.Release|x64.Build.0 = Release|x64
		{6ACC2F57-86A2-41D4-8744-5982985E99DA}.Release|x86.ActiveCfg = Release|Win32
		{6ACC2F57-86A2-41D4-8744-5982985E99DA}.Release|x86.Build.0 = Release|Win32
		{D8CD04B0-7F14-47E4-8FC5-86502655A5C1}.Debug|ARM64.ActiveCfg = Debug|x64
		{D8CD04B0-7F14-47E4-8FC5-86502655A5C1}.Debug|ARM64.Build.0 = Debug|x64
		{D8CD04B0-7F14-47E4-8FC5-86502655A5C1}.Debug|x64.ActiveCfg = Debug|x64
		{D8CD04B0-7F14-47E4-8FC5-86502655A5C1}.Debug|x64.Build.0 = Debug|x64
		{D8CD04B0-7F14-47E4-8FC5-86502655A5C1}.Debug|x86.ActiveCfg = Debug|Win32
		{D8CD04B0-7F14-47E4-8FC5-86502655A5C1}.Debug|x86.Build.0 = Debug|Win32
		{D8CD04B0-7F14-47E4-8FC5-86502655A5C1}.Release|ARM64.ActiveCfg = Release|x64
		{D8CD04B0-7F14-47E4-8FC5-86502655A5C1}.Release|ARM64.Build.0 = Release|x64
		{D8CD04B0-7F14-47E4-8FC5-86502655A5C1}.Release|x64.ActiveCfg = Release|x64
		{D8CD04B0-7F14-47E4-8FC5-86502655A5C1}.Release|x64.Build.0 = Release|x64
		{D8CD04B0-7F14-47E4-8FC5-86502655A5C1}.Release|x86.ActiveCfg = Release|Win32
		{D8CD04B0-7F14-47E4-8FC5-86502655A5C1}.Release|x86.Build.0 = Release|Win32
		{F366640F-5667-445E-84B4-87B1BC29EE37}.Debug|ARM64.ActiveCfg = Debug|x64
		{F366640F-5667-445E-84B4-87B1BC29EE37}.Debug|ARM64.Build.0 = Debug|x64
		{F366640F-5667-445E-84B4-87B1BC29EE37}.Debug|x64.ActiveCfg = Debug|x64
		{F366640F-5667-445E-84B4-87B1BC29EE37}.Debug|x64.Build.0 = Debug|x64
		{F366640F-5667-445E-84B4-87B1BC29EE37}.Debug|x86.ActiveCfg = Debug|Win32
		{F366640F-5667-445E-84B4-87B1BC29EE37}.Debug|x86.Build.0 = Debug|Win32
		{F366640F-5667-445E-84B4-87B1BC29EE37}.Release|ARM64.ActiveCfg = Release|x64
		{F366640F-5667-445E-84B4-87B1BC29EE37}.Release|ARM64.Build.0 = Release|x64
		{F366640F-5667-445E-84B4-87B1BC29EE37}.Release|x64.ActiveCfg = Release|x64
		{F366640F-5667-445E-84B4-87B1BC29EE37}.Release|x64.Build.0 = Release|x64
		{F366640F-5667-445E-84B4-87B1BC29EE37}.Release|x86.ActiveCfg = Release|Win32
		{F366640F-5667-445E-84B4-87B1BC29EE37}.Release|x86.Build.0 = Release|Win32
		{EBD91120-60E5-4015-92AD-637F2B7735A1}.Debug|ARM64.ActiveCfg = Debug|x64
		{EBD91120-60E5-4015-92AD-637F2B7735A1}.Debug|ARM64.Build.0 = Debug|x64
		{EBD91120-60E5-4015-92AD-637F2B7735A1}.Debug|x64.ActiveCfg = Debug|x64
		{EBD91120-60E5-4015-92AD-637F2B7735A1}.Debug|x64.Build.0 = Debug|x64
		{EBD91120-60E5-4015-92AD-637F2B7735A1}.Debug|x86.ActiveCfg = Debug|Win32
		{EBD91120-60E5-4015-92AD-637F2B7735A1}.Debug|x86.Build.0 = Debug|Win32
		{EBD91120-60E5-4015-92AD-637F2B7735A1}.Release|ARM64.ActiveCfg = Release|x64
		{EBD91120-60E5-4015-92AD-637F2B7735A1}.Release|ARM64.Build.0 = Release|x64
		{EBD91120-60E5-4015-92AD-637F2B7735A1}.Release|x64.ActiveCfg = Release|x64
		{EBD91120-60E5-4015-92AD-637F2B7735A1}.Release|x64.Build.0 = Release|x64
		{EBD91120-60E5-4015-92AD-637F2B7735A1}.Release|x86.ActiveCfg = Release|Win32
		{EBD91120-60E5-4015-92AD-637F2B7735A1}.Release|x86.Build.0 = Release|Win32
		{2CC5FF43-51D2-434E-B95D-094493ADA9CE}.Debug|ARM64.ActiveCfg = Debug|ARM64
		{2CC5FF43-51D2-434E-B95D-094493ADA9CE}.Debug|ARM64.Build.0 = Debug|ARM64
		{2CC5FF43-51D2-434E-B95D-094493ADA9CE}.Debug|ARM64.Deploy.0 = Debug|ARM64
		{2CC5FF43-51D2-434E-B95D-094493ADA9CE}.Debug|x64.ActiveCfg = Debug|x64
		{2CC5FF43-51D2-434E-B95D-094493ADA9CE}.Debug|x64.Build.0 = Debug|x64
		{2CC5FF43-51D2-434E-B95D-094493ADA9CE}.Debug|x64.Deploy.0 = Debug|x64
		{2CC5FF43-51D2-434E-B95D-094493ADA9CE}.Debug|x86.ActiveCfg = Debug|x64
		{2CC5FF43-51D2-434E-B95D-094493ADA9CE}.Debug|x86.Build.0 = Debug|x64
		{2CC5FF43-51D2-434E-B95D-094493ADA9CE}.Debug|x86.Deploy.0 = Debug|x64
		{2CC5FF43-51D2-434E-B95D-094493ADA9CE}.Release|ARM64.ActiveCfg = Release|ARM64
		{2CC5FF43-51D2-434E-B95D-094493ADA9CE}.Release|ARM64.Build.0 = Release|ARM64
		{2CC5FF43-51D2-434E-B95D-094493ADA9CE}.Release|ARM64.Deploy.0 = Release|ARM64
		{2CC5FF43-51D2-434E-B95D-094493ADA9CE}.Release|x64.ActiveCfg = Release|x64
		{2CC5FF43-51D2-434E-B95D-094493ADA9CE}.Release|x64.Build.0 = Release|x64
		{2CC5FF43-51D2-434E-B95D-094493ADA9CE}.Release|x64.Deploy.0 = Release|x64
		{2CC5FF43-51D2-434E-B95D-094493ADA9CE}.Release|x86.ActiveCfg = Release|x64
		{2CC5FF43-51D2-434E-B95D-094493ADA9CE}.Release|x86.Build.0 = Release|x64
		{2CC5FF43-51D2-434E-B95D-094493ADA9CE}.Release|x86.Deploy.0 = Release|x64
	EndGlobalSection
	GlobalSection(SolutionProperties) = preSolution
		HideSolutionNode = FALSE
	EndGlobalSection
	GlobalSection(NestedProjects) = preSolution
		{14FBCE54-769F-4883-84B0-947FD6244381} = {5B82E9DA-AF3D-4482-8EBF-177D823CA91A}
		{6ACC2F57-86A2-41D4-8744-5982985E99DA} = {42916E8D-1982-4415-817F-CB2570EE1EE2}
		{D8CD04B0-7F14-47E4-8FC5-86502655A5C1} = {42916E8D-1982-4415-817F-CB2570EE1EE2}
		{F366640F-5667-445E-84B4-87B1BC29EE37} = {42916E8D-1982-4415-817F-CB2570EE1EE2}
		{EBD91120-60E5-4015-92AD-637F2B7735A1} = {5B82E9DA-AF3D-4482-8EBF-177D823CA91A}
		{2CC5FF43-51D2-434E-B95D-094493ADA9CE} = {5B82E9DA-AF3D-4482-8EBF-177D823CA91A}
	EndGlobalSection
	GlobalSection(ExtensibilityGlobals) = postSolution
		SolutionGuid = {4B2481FF-7744-4E61-BDFA-C98EBCC5B481}
	EndGlobalSection
EndGlobal
